// !$*UTF8*$!
{
	archiveVersion = 1;
	classes = {
	};
	objectVersion = 51;
	objects = {

/* Begin PBXBuildFile section */
		3E3F74EA2021600B648EEC6B /* Pods_Pathways.framework in Frameworks */ = {isa = PBXBuildFile; fileRef = 9547BED3BFEA45B196D277ED /* Pods_Pathways.framework */; };
		704FB904E2E2391E2FA3BA00 /* Pods_PathwaysTests.framework in Frameworks */ = {isa = PBXBuildFile; fileRef = 9210721B57CCF3295F22D5A2 /* Pods_PathwaysTests.framework */; };
		E51AF455269DFF7200556BCC /* HomeViewController.m in Sources */ = {isa = PBXBuildFile; fileRef = E51AF454269DFF7200556BCC /* HomeViewController.m */; };
		E51AF459269E4D5700556BCC /* Path.m in Sources */ = {isa = PBXBuildFile; fileRef = E51AF458269E4D5700556BCC /* Path.m */; };
		E51AF4A9269E691200556BCC /* Keys.plist in Resources */ = {isa = PBXBuildFile; fileRef = E51AF4A8269E691200556BCC /* Keys.plist */; };
		E51AF4AC269E6CB200556BCC /* Pathway.m in Sources */ = {isa = PBXBuildFile; fileRef = E51AF4AB269E6CB200556BCC /* Pathway.m */; };
		E51AF4AF269E753200556BCC /* Landmark.m in Sources */ = {isa = PBXBuildFile; fileRef = E51AF4AE269E753200556BCC /* Landmark.m */; };
		E51AF4B2269E7FB000556BCC /* NewPathViewController.m in Sources */ = {isa = PBXBuildFile; fileRef = E51AF4B1269E7FB000556BCC /* NewPathViewController.m */; };
		E544CDFB269FAC2F00A6E6AB /* AddLandmarkViewController.m in Sources */ = {isa = PBXBuildFile; fileRef = E544CDFA269FAC2F00A6E6AB /* AddLandmarkViewController.m */; };
		E594D3A3269CA61100DB5A4F /* AppDelegate.m in Sources */ = {isa = PBXBuildFile; fileRef = E594D3A2269CA61100DB5A4F /* AppDelegate.m */; };
		E594D3A6269CA61100DB5A4F /* SceneDelegate.m in Sources */ = {isa = PBXBuildFile; fileRef = E594D3A5269CA61100DB5A4F /* SceneDelegate.m */; };
		E594D3AC269CA61100DB5A4F /* Main.storyboard in Resources */ = {isa = PBXBuildFile; fileRef = E594D3AA269CA61100DB5A4F /* Main.storyboard */; };
		E594D3AE269CA61200DB5A4F /* Assets.xcassets in Resources */ = {isa = PBXBuildFile; fileRef = E594D3AD269CA61200DB5A4F /* Assets.xcassets */; };
		E594D3B1269CA61200DB5A4F /* LaunchScreen.storyboard in Resources */ = {isa = PBXBuildFile; fileRef = E594D3AF269CA61200DB5A4F /* LaunchScreen.storyboard */; };
		E594D3B4269CA61200DB5A4F /* main.m in Sources */ = {isa = PBXBuildFile; fileRef = E594D3B3269CA61200DB5A4F /* main.m */; };
		E594D3BE269CA61300DB5A4F /* PathwaysTests.m in Sources */ = {isa = PBXBuildFile; fileRef = E594D3BD269CA61300DB5A4F /* PathwaysTests.m */; };
		E594D3C9269CA61300DB5A4F /* PathwaysUITests.m in Sources */ = {isa = PBXBuildFile; fileRef = E594D3C8269CA61300DB5A4F /* PathwaysUITests.m */; };
		E5BAE940269CDB3A0052A515 /* LoginViewController.m in Sources */ = {isa = PBXBuildFile; fileRef = E5BAE93F269CDB3A0052A515 /* LoginViewController.m */; };
		E5BAE943269CDBB80052A515 /* CreateAccountViewController.m in Sources */ = {isa = PBXBuildFile; fileRef = E5BAE942269CDBB80052A515 /* CreateAccountViewController.m */; };
		E5BAE946269D1B9A0052A515 /* ParseUserManager.m in Sources */ = {isa = PBXBuildFile; fileRef = E5BAE945269D1B9A0052A515 /* ParseUserManager.m */; };
		E5DA69DC269FD18C000C29A0 /* EndPathViewController.m in Sources */ = {isa = PBXBuildFile; fileRef = E5DA69DB269FD18C000C29A0 /* EndPathViewController.m */; };
		E5DA69E226A11951000C29A0 /* AccountDetailsViewController.m in Sources */ = {isa = PBXBuildFile; fileRef = E5DA69E126A11951000C29A0 /* AccountDetailsViewController.m */; };
		E5DA69E626A11BE6000C29A0 /* PathCell.m in Sources */ = {isa = PBXBuildFile; fileRef = E5DA69E426A11BE6000C29A0 /* PathCell.m */; };
		E5DA69E726A11BE6000C29A0 /* PathCell.xib in Resources */ = {isa = PBXBuildFile; fileRef = E5DA69E526A11BE6000C29A0 /* PathCell.xib */; };
		E8B473CA6C790747628DF4DB /* Pods_Pathways_PathwaysUITests.framework in Frameworks */ = {isa = PBXBuildFile; fileRef = 6AE2A8885D3DA5368C8B800D /* Pods_Pathways_PathwaysUITests.framework */; };
/* End PBXBuildFile section */

/* Begin PBXContainerItemProxy section */
		E594D3BA269CA61300DB5A4F /* PBXContainerItemProxy */ = {
			isa = PBXContainerItemProxy;
			containerPortal = E594D396269CA61100DB5A4F /* Project object */;
			proxyType = 1;
			remoteGlobalIDString = E594D39D269CA61100DB5A4F;
			remoteInfo = Pathways;
		};
		E594D3C5269CA61300DB5A4F /* PBXContainerItemProxy */ = {
			isa = PBXContainerItemProxy;
			containerPortal = E594D396269CA61100DB5A4F /* Project object */;
			proxyType = 1;
			remoteGlobalIDString = E594D39D269CA61100DB5A4F;
			remoteInfo = Pathways;
		};
/* End PBXContainerItemProxy section */

/* Begin PBXFileReference section */
		093033759EC96EAFC433BB59 /* Pods-PathwaysTests.release.xcconfig */ = {isa = PBXFileReference; includeInIndex = 1; lastKnownFileType = text.xcconfig; name = "Pods-PathwaysTests.release.xcconfig"; path = "Target Support Files/Pods-PathwaysTests/Pods-PathwaysTests.release.xcconfig"; sourceTree = "<group>"; };
		2E96D76A1E112FBF1A90AEEE /* Pods-PathwaysTests.debug.xcconfig */ = {isa = PBXFileReference; includeInIndex = 1; lastKnownFileType = text.xcconfig; name = "Pods-PathwaysTests.debug.xcconfig"; path = "Target Support Files/Pods-PathwaysTests/Pods-PathwaysTests.debug.xcconfig"; sourceTree = "<group>"; };
		400A8BBD3027301B3BF87657 /* Pods-Pathways.release.xcconfig */ = {isa = PBXFileReference; includeInIndex = 1; lastKnownFileType = text.xcconfig; name = "Pods-Pathways.release.xcconfig"; path = "Target Support Files/Pods-Pathways/Pods-Pathways.release.xcconfig"; sourceTree = "<group>"; };
		6AE2A8885D3DA5368C8B800D /* Pods_Pathways_PathwaysUITests.framework */ = {isa = PBXFileReference; explicitFileType = wrapper.framework; includeInIndex = 0; path = Pods_Pathways_PathwaysUITests.framework; sourceTree = BUILT_PRODUCTS_DIR; };
		8679D15A89F34EB1F76F66AD /* Pods-Pathways-PathwaysUITests.debug.xcconfig */ = {isa = PBXFileReference; includeInIndex = 1; lastKnownFileType = text.xcconfig; name = "Pods-Pathways-PathwaysUITests.debug.xcconfig"; path = "Target Support Files/Pods-Pathways-PathwaysUITests/Pods-Pathways-PathwaysUITests.debug.xcconfig"; sourceTree = "<group>"; };
		9210721B57CCF3295F22D5A2 /* Pods_PathwaysTests.framework */ = {isa = PBXFileReference; explicitFileType = wrapper.framework; includeInIndex = 0; path = Pods_PathwaysTests.framework; sourceTree = BUILT_PRODUCTS_DIR; };
		9547BED3BFEA45B196D277ED /* Pods_Pathways.framework */ = {isa = PBXFileReference; explicitFileType = wrapper.framework; includeInIndex = 0; path = Pods_Pathways.framework; sourceTree = BUILT_PRODUCTS_DIR; };
		A1C25CCC6A67DCAC0A6AF067 /* Pods-Pathways.debug.xcconfig */ = {isa = PBXFileReference; includeInIndex = 1; lastKnownFileType = text.xcconfig; name = "Pods-Pathways.debug.xcconfig"; path = "Target Support Files/Pods-Pathways/Pods-Pathways.debug.xcconfig"; sourceTree = "<group>"; };
		D24C76C18B3076CB6228ACD0 /* Pods-Pathways-PathwaysUITests.release.xcconfig */ = {isa = PBXFileReference; includeInIndex = 1; lastKnownFileType = text.xcconfig; name = "Pods-Pathways-PathwaysUITests.release.xcconfig"; path = "Target Support Files/Pods-Pathways-PathwaysUITests/Pods-Pathways-PathwaysUITests.release.xcconfig"; sourceTree = "<group>"; };
		E51AF453269DFF7200556BCC /* HomeViewController.h */ = {isa = PBXFileReference; lastKnownFileType = sourcecode.c.h; path = HomeViewController.h; sourceTree = "<group>"; };
		E51AF454269DFF7200556BCC /* HomeViewController.m */ = {isa = PBXFileReference; lastKnownFileType = sourcecode.c.objc; path = HomeViewController.m; sourceTree = "<group>"; };
		E51AF457269E4D5700556BCC /* Path.h */ = {isa = PBXFileReference; lastKnownFileType = sourcecode.c.h; path = Path.h; sourceTree = "<group>"; };
		E51AF458269E4D5700556BCC /* Path.m */ = {isa = PBXFileReference; lastKnownFileType = sourcecode.c.objc; path = Path.m; sourceTree = "<group>"; };
		E51AF4A8269E691200556BCC /* Keys.plist */ = {isa = PBXFileReference; lastKnownFileType = text.plist.xml; path = Keys.plist; sourceTree = "<group>"; };
		E51AF4AA269E6CB200556BCC /* Pathway.h */ = {isa = PBXFileReference; lastKnownFileType = sourcecode.c.h; path = Pathway.h; sourceTree = "<group>"; };
		E51AF4AB269E6CB200556BCC /* Pathway.m */ = {isa = PBXFileReference; lastKnownFileType = sourcecode.c.objc; path = Pathway.m; sourceTree = "<group>"; };
		E51AF4AD269E753200556BCC /* Landmark.h */ = {isa = PBXFileReference; lastKnownFileType = sourcecode.c.h; path = Landmark.h; sourceTree = "<group>"; };
		E51AF4AE269E753200556BCC /* Landmark.m */ = {isa = PBXFileReference; lastKnownFileType = sourcecode.c.objc; path = Landmark.m; sourceTree = "<group>"; };
		E51AF4B0269E7FB000556BCC /* NewPathViewController.h */ = {isa = PBXFileReference; lastKnownFileType = sourcecode.c.h; path = NewPathViewController.h; sourceTree = "<group>"; };
		E51AF4B1269E7FB000556BCC /* NewPathViewController.m */ = {isa = PBXFileReference; lastKnownFileType = sourcecode.c.objc; path = NewPathViewController.m; sourceTree = "<group>"; };
		E544CDF9269FAC2F00A6E6AB /* AddLandmarkViewController.h */ = {isa = PBXFileReference; lastKnownFileType = sourcecode.c.h; path = AddLandmarkViewController.h; sourceTree = "<group>"; };
		E544CDFA269FAC2F00A6E6AB /* AddLandmarkViewController.m */ = {isa = PBXFileReference; lastKnownFileType = sourcecode.c.objc; path = AddLandmarkViewController.m; sourceTree = "<group>"; };
		E594D39E269CA61100DB5A4F /* Pathways.app */ = {isa = PBXFileReference; explicitFileType = wrapper.application; includeInIndex = 0; path = Pathways.app; sourceTree = BUILT_PRODUCTS_DIR; };
		E594D3A1269CA61100DB5A4F /* AppDelegate.h */ = {isa = PBXFileReference; lastKnownFileType = sourcecode.c.h; path = AppDelegate.h; sourceTree = "<group>"; };
		E594D3A2269CA61100DB5A4F /* AppDelegate.m */ = {isa = PBXFileReference; lastKnownFileType = sourcecode.c.objc; path = AppDelegate.m; sourceTree = "<group>"; };
		E594D3A4269CA61100DB5A4F /* SceneDelegate.h */ = {isa = PBXFileReference; lastKnownFileType = sourcecode.c.h; path = SceneDelegate.h; sourceTree = "<group>"; };
		E594D3A5269CA61100DB5A4F /* SceneDelegate.m */ = {isa = PBXFileReference; lastKnownFileType = sourcecode.c.objc; path = SceneDelegate.m; sourceTree = "<group>"; };
		E594D3AB269CA61100DB5A4F /* Base */ = {isa = PBXFileReference; lastKnownFileType = file.storyboard; name = Base; path = Base.lproj/Main.storyboard; sourceTree = "<group>"; };
		E594D3AD269CA61200DB5A4F /* Assets.xcassets */ = {isa = PBXFileReference; lastKnownFileType = folder.assetcatalog; path = Assets.xcassets; sourceTree = "<group>"; };
		E594D3B0269CA61200DB5A4F /* Base */ = {isa = PBXFileReference; lastKnownFileType = file.storyboard; name = Base; path = Base.lproj/LaunchScreen.storyboard; sourceTree = "<group>"; };
		E594D3B2269CA61200DB5A4F /* Info.plist */ = {isa = PBXFileReference; lastKnownFileType = text.plist.xml; path = Info.plist; sourceTree = "<group>"; };
		E594D3B3269CA61200DB5A4F /* main.m */ = {isa = PBXFileReference; lastKnownFileType = sourcecode.c.objc; path = main.m; sourceTree = "<group>"; };
		E594D3B9269CA61300DB5A4F /* PathwaysTests.xctest */ = {isa = PBXFileReference; explicitFileType = wrapper.cfbundle; includeInIndex = 0; path = PathwaysTests.xctest; sourceTree = BUILT_PRODUCTS_DIR; };
		E594D3BD269CA61300DB5A4F /* PathwaysTests.m */ = {isa = PBXFileReference; lastKnownFileType = sourcecode.c.objc; path = PathwaysTests.m; sourceTree = "<group>"; };
		E594D3BF269CA61300DB5A4F /* Info.plist */ = {isa = PBXFileReference; lastKnownFileType = text.plist.xml; path = Info.plist; sourceTree = "<group>"; };
		E594D3C4269CA61300DB5A4F /* PathwaysUITests.xctest */ = {isa = PBXFileReference; explicitFileType = wrapper.cfbundle; includeInIndex = 0; path = PathwaysUITests.xctest; sourceTree = BUILT_PRODUCTS_DIR; };
		E594D3C8269CA61300DB5A4F /* PathwaysUITests.m */ = {isa = PBXFileReference; lastKnownFileType = sourcecode.c.objc; path = PathwaysUITests.m; sourceTree = "<group>"; };
		E594D3CA269CA61300DB5A4F /* Info.plist */ = {isa = PBXFileReference; lastKnownFileType = text.plist.xml; path = Info.plist; sourceTree = "<group>"; };
		E594D3D6269CADED00DB5A4F /* README.md */ = {isa = PBXFileReference; lastKnownFileType = net.daringfireball.markdown; path = README.md; sourceTree = "<group>"; };
		E5BAE93E269CDB3A0052A515 /* LoginViewController.h */ = {isa = PBXFileReference; lastKnownFileType = sourcecode.c.h; path = LoginViewController.h; sourceTree = "<group>"; };
		E5BAE93F269CDB3A0052A515 /* LoginViewController.m */ = {isa = PBXFileReference; lastKnownFileType = sourcecode.c.objc; path = LoginViewController.m; sourceTree = "<group>"; };
		E5BAE941269CDBB80052A515 /* CreateAccountViewController.h */ = {isa = PBXFileReference; lastKnownFileType = sourcecode.c.h; path = CreateAccountViewController.h; sourceTree = "<group>"; };
		E5BAE942269CDBB80052A515 /* CreateAccountViewController.m */ = {isa = PBXFileReference; lastKnownFileType = sourcecode.c.objc; path = CreateAccountViewController.m; sourceTree = "<group>"; };
		E5BAE944269D1B9A0052A515 /* ParseUserManager.h */ = {isa = PBXFileReference; lastKnownFileType = sourcecode.c.h; path = ParseUserManager.h; sourceTree = "<group>"; };
		E5BAE945269D1B9A0052A515 /* ParseUserManager.m */ = {isa = PBXFileReference; lastKnownFileType = sourcecode.c.objc; path = ParseUserManager.m; sourceTree = "<group>"; };
		E5DA69DA269FD18C000C29A0 /* EndPathViewController.h */ = {isa = PBXFileReference; lastKnownFileType = sourcecode.c.h; path = EndPathViewController.h; sourceTree = "<group>"; };
		E5DA69DB269FD18C000C29A0 /* EndPathViewController.m */ = {isa = PBXFileReference; lastKnownFileType = sourcecode.c.objc; path = EndPathViewController.m; sourceTree = "<group>"; };
		E5DA69E026A11951000C29A0 /* AccountDetailsViewController.h */ = {isa = PBXFileReference; lastKnownFileType = sourcecode.c.h; path = AccountDetailsViewController.h; sourceTree = "<group>"; };
		E5DA69E126A11951000C29A0 /* AccountDetailsViewController.m */ = {isa = PBXFileReference; lastKnownFileType = sourcecode.c.objc; path = AccountDetailsViewController.m; sourceTree = "<group>"; };
		E5DA69E326A11BE6000C29A0 /* PathCell.h */ = {isa = PBXFileReference; lastKnownFileType = sourcecode.c.h; path = PathCell.h; sourceTree = "<group>"; };
		E5DA69E426A11BE6000C29A0 /* PathCell.m */ = {isa = PBXFileReference; lastKnownFileType = sourcecode.c.objc; path = PathCell.m; sourceTree = "<group>"; };
		E5DA69E526A11BE6000C29A0 /* PathCell.xib */ = {isa = PBXFileReference; lastKnownFileType = file.xib; path = PathCell.xib; sourceTree = "<group>"; };
/* End PBXFileReference section */

/* Begin PBXFrameworksBuildPhase section */
		E594D39B269CA61100DB5A4F /* Frameworks */ = {
			isa = PBXFrameworksBuildPhase;
			buildActionMask = 2147483647;
			files = (
				3E3F74EA2021600B648EEC6B /* Pods_Pathways.framework in Frameworks */,
			);
			runOnlyForDeploymentPostprocessing = 0;
		};
		E594D3B6269CA61300DB5A4F /* Frameworks */ = {
			isa = PBXFrameworksBuildPhase;
			buildActionMask = 2147483647;
			files = (
				704FB904E2E2391E2FA3BA00 /* Pods_PathwaysTests.framework in Frameworks */,
			);
			runOnlyForDeploymentPostprocessing = 0;
		};
		E594D3C1269CA61300DB5A4F /* Frameworks */ = {
			isa = PBXFrameworksBuildPhase;
			buildActionMask = 2147483647;
			files = (
				E8B473CA6C790747628DF4DB /* Pods_Pathways_PathwaysUITests.framework in Frameworks */,
			);
			runOnlyForDeploymentPostprocessing = 0;
		};
/* End PBXFrameworksBuildPhase section */

/* Begin PBXGroup section */
		29584B88BE10877B436E98AE /* Frameworks */ = {
			isa = PBXGroup;
			children = (
				9547BED3BFEA45B196D277ED /* Pods_Pathways.framework */,
				6AE2A8885D3DA5368C8B800D /* Pods_Pathways_PathwaysUITests.framework */,
				9210721B57CCF3295F22D5A2 /* Pods_PathwaysTests.framework */,
			);
			name = Frameworks;
			sourceTree = "<group>";
		};
		E15CAD68C870B9D0164CEAEE /* Pods */ = {
			isa = PBXGroup;
			children = (
				A1C25CCC6A67DCAC0A6AF067 /* Pods-Pathways.debug.xcconfig */,
				400A8BBD3027301B3BF87657 /* Pods-Pathways.release.xcconfig */,
				8679D15A89F34EB1F76F66AD /* Pods-Pathways-PathwaysUITests.debug.xcconfig */,
				D24C76C18B3076CB6228ACD0 /* Pods-Pathways-PathwaysUITests.release.xcconfig */,
				2E96D76A1E112FBF1A90AEEE /* Pods-PathwaysTests.debug.xcconfig */,
				093033759EC96EAFC433BB59 /* Pods-PathwaysTests.release.xcconfig */,
			);
			path = Pods;
			sourceTree = "<group>";
		};
		E51AF456269E4D0E00556BCC /* Models */ = {
			isa = PBXGroup;
			children = (
				E51AF457269E4D5700556BCC /* Path.h */,
				E51AF458269E4D5700556BCC /* Path.m */,
				E51AF4AA269E6CB200556BCC /* Pathway.h */,
				E51AF4AB269E6CB200556BCC /* Pathway.m */,
				E51AF4AD269E753200556BCC /* Landmark.h */,
				E51AF4AE269E753200556BCC /* Landmark.m */,
			);
			path = Models;
			sourceTree = "<group>";
		};
		E594D395269CA61100DB5A4F = {
			isa = PBXGroup;
			children = (
				E594D3D6269CADED00DB5A4F /* README.md */,
				E594D3A0269CA61100DB5A4F /* Pathways */,
				E594D3BC269CA61300DB5A4F /* PathwaysTests */,
				E594D3C7269CA61300DB5A4F /* PathwaysUITests */,
				E594D39F269CA61100DB5A4F /* Products */,
				E15CAD68C870B9D0164CEAEE /* Pods */,
				29584B88BE10877B436E98AE /* Frameworks */,
			);
			sourceTree = "<group>";
		};
		E594D39F269CA61100DB5A4F /* Products */ = {
			isa = PBXGroup;
			children = (
				E594D39E269CA61100DB5A4F /* Pathways.app */,
				E594D3B9269CA61300DB5A4F /* PathwaysTests.xctest */,
				E594D3C4269CA61300DB5A4F /* PathwaysUITests.xctest */,
			);
			name = Products;
			sourceTree = "<group>";
		};
		E594D3A0269CA61100DB5A4F /* Pathways */ = {
			isa = PBXGroup;
			children = (
				E51AF456269E4D0E00556BCC /* Models */,
				E5BAE93B269CD8810052A515 /* Storyboards */,
				E5BAE93A269CD85B0052A515 /* AppManagement */,
				E5BAE938269CD80F0052A515 /* API */,
				E594D3D8269CC1F800DB5A4F /* Views */,
				E594D3D7269CC1DF00DB5A4F /* ViewControllers */,
				E594D3AD269CA61200DB5A4F /* Assets.xcassets */,
				E594D3B2269CA61200DB5A4F /* Info.plist */,
				E51AF4A8269E691200556BCC /* Keys.plist */,
			);
			path = Pathways;
			sourceTree = "<group>";
		};
		E594D3BC269CA61300DB5A4F /* PathwaysTests */ = {
			isa = PBXGroup;
			children = (
				E594D3BD269CA61300DB5A4F /* PathwaysTests.m */,
				E594D3BF269CA61300DB5A4F /* Info.plist */,
			);
			path = PathwaysTests;
			sourceTree = "<group>";
		};
		E594D3C7269CA61300DB5A4F /* PathwaysUITests */ = {
			isa = PBXGroup;
			children = (
				E594D3C8269CA61300DB5A4F /* PathwaysUITests.m */,
				E594D3CA269CA61300DB5A4F /* Info.plist */,
			);
			path = PathwaysUITests;
			sourceTree = "<group>";
		};
		E594D3D7269CC1DF00DB5A4F /* ViewControllers */ = {
			isa = PBXGroup;
			children = (
				E5DA69DF26A11908000C29A0 /* NewPathViewControllers */,
				E5DA69DE26A118F0000C29A0 /* AccountCreationViewControllers */,
				E51AF453269DFF7200556BCC /* HomeViewController.h */,
				E51AF454269DFF7200556BCC /* HomeViewController.m */,
				E5DA69E026A11951000C29A0 /* AccountDetailsViewController.h */,
				E5DA69E126A11951000C29A0 /* AccountDetailsViewController.m */,
			);
			path = ViewControllers;
			sourceTree = "<group>";
		};
		E594D3D8269CC1F800DB5A4F /* Views */ = {
			isa = PBXGroup;
			children = (
				E5DA69E326A11BE6000C29A0 /* PathCell.h */,
				E5DA69E426A11BE6000C29A0 /* PathCell.m */,
				E5DA69E526A11BE6000C29A0 /* PathCell.xib */,
			);
			path = Views;
			sourceTree = "<group>";
		};
		E5BAE938269CD80F0052A515 /* API */ = {
			isa = PBXGroup;
			children = (
				E5BAE944269D1B9A0052A515 /* ParseUserManager.h */,
				E5BAE945269D1B9A0052A515 /* ParseUserManager.m */,
			);
			path = API;
			sourceTree = "<group>";
		};
		E5BAE93A269CD85B0052A515 /* AppManagement */ = {
			isa = PBXGroup;
			children = (
				E594D3B3269CA61200DB5A4F /* main.m */,
				E594D3A1269CA61100DB5A4F /* AppDelegate.h */,
				E594D3A2269CA61100DB5A4F /* AppDelegate.m */,
				E594D3A4269CA61100DB5A4F /* SceneDelegate.h */,
				E594D3A5269CA61100DB5A4F /* SceneDelegate.m */,
			);
			path = AppManagement;
			sourceTree = "<group>";
		};
		E5BAE93B269CD8810052A515 /* Storyboards */ = {
			isa = PBXGroup;
			children = (
				E594D3AA269CA61100DB5A4F /* Main.storyboard */,
				E594D3AF269CA61200DB5A4F /* LaunchScreen.storyboard */,
			);
			path = Storyboards;
			sourceTree = "<group>";
		};
		E5DA69DE26A118F0000C29A0 /* AccountCreationViewControllers */ = {
			isa = PBXGroup;
			children = (
				E5BAE93E269CDB3A0052A515 /* LoginViewController.h */,
				E5BAE93F269CDB3A0052A515 /* LoginViewController.m */,
				E5BAE941269CDBB80052A515 /* CreateAccountViewController.h */,
				E5BAE942269CDBB80052A515 /* CreateAccountViewController.m */,
			);
			path = AccountCreationViewControllers;
			sourceTree = "<group>";
		};
		E5DA69DF26A11908000C29A0 /* NewPathViewControllers */ = {
			isa = PBXGroup;
			children = (
				E51AF4B0269E7FB000556BCC /* NewPathViewController.h */,
				E51AF4B1269E7FB000556BCC /* NewPathViewController.m */,
				E544CDF9269FAC2F00A6E6AB /* AddLandmarkViewController.h */,
				E544CDFA269FAC2F00A6E6AB /* AddLandmarkViewController.m */,
				E5DA69DA269FD18C000C29A0 /* EndPathViewController.h */,
				E5DA69DB269FD18C000C29A0 /* EndPathViewController.m */,
			);
			path = NewPathViewControllers;
			sourceTree = "<group>";
		};
/* End PBXGroup section */

/* Begin PBXNativeTarget section */
		E594D39D269CA61100DB5A4F /* Pathways */ = {
			isa = PBXNativeTarget;
			buildConfigurationList = E594D3CD269CA61300DB5A4F /* Build configuration list for PBXNativeTarget "Pathways" */;
			buildPhases = (
				281CEC9B43A708AEB7E864F3 /* [CP] Check Pods Manifest.lock */,
				E594D39A269CA61100DB5A4F /* Sources */,
				E594D39B269CA61100DB5A4F /* Frameworks */,
				E594D39C269CA61100DB5A4F /* Resources */,
				DC6072C503C638D0E6939570 /* [CP] Embed Pods Frameworks */,
				442CE1535DA4CF2B67A21083 /* [CP] Copy Pods Resources */,
			);
			buildRules = (
			);
			dependencies = (
			);
			name = Pathways;
			productName = Pathways;
			productReference = E594D39E269CA61100DB5A4F /* Pathways.app */;
			productType = "com.apple.product-type.application";
		};
		E594D3B8269CA61300DB5A4F /* PathwaysTests */ = {
			isa = PBXNativeTarget;
			buildConfigurationList = E594D3D0269CA61300DB5A4F /* Build configuration list for PBXNativeTarget "PathwaysTests" */;
			buildPhases = (
				28F05046F91D52B8F0DC82B9 /* [CP] Check Pods Manifest.lock */,
				E594D3B5269CA61300DB5A4F /* Sources */,
				E594D3B6269CA61300DB5A4F /* Frameworks */,
				E594D3B7269CA61300DB5A4F /* Resources */,
			);
			buildRules = (
			);
			dependencies = (
				E594D3BB269CA61300DB5A4F /* PBXTargetDependency */,
			);
			name = PathwaysTests;
			productName = PathwaysTests;
			productReference = E594D3B9269CA61300DB5A4F /* PathwaysTests.xctest */;
			productType = "com.apple.product-type.bundle.unit-test";
		};
		E594D3C3269CA61300DB5A4F /* PathwaysUITests */ = {
			isa = PBXNativeTarget;
			buildConfigurationList = E594D3D3269CA61300DB5A4F /* Build configuration list for PBXNativeTarget "PathwaysUITests" */;
			buildPhases = (
				CC5CAC3D993B032F4326A517 /* [CP] Check Pods Manifest.lock */,
				E594D3C0269CA61300DB5A4F /* Sources */,
				E594D3C1269CA61300DB5A4F /* Frameworks */,
				E594D3C2269CA61300DB5A4F /* Resources */,
				1089EE76539F6AAF8FD596F8 /* [CP] Embed Pods Frameworks */,
				DAC60FA3004F42BDFBCE001E /* [CP] Copy Pods Resources */,
			);
			buildRules = (
			);
			dependencies = (
				E594D3C6269CA61300DB5A4F /* PBXTargetDependency */,
			);
			name = PathwaysUITests;
			productName = PathwaysUITests;
			productReference = E594D3C4269CA61300DB5A4F /* PathwaysUITests.xctest */;
			productType = "com.apple.product-type.bundle.ui-testing";
		};
/* End PBXNativeTarget section */

/* Begin PBXProject section */
		E594D396269CA61100DB5A4F /* Project object */ = {
			isa = PBXProject;
			attributes = {
				LastUpgradeCheck = 1250;
				TargetAttributes = {
					E594D39D269CA61100DB5A4F = {
						CreatedOnToolsVersion = 12.5.1;
					};
					E594D3B8269CA61300DB5A4F = {
						CreatedOnToolsVersion = 12.5.1;
						TestTargetID = E594D39D269CA61100DB5A4F;
					};
					E594D3C3269CA61300DB5A4F = {
						CreatedOnToolsVersion = 12.5.1;
						TestTargetID = E594D39D269CA61100DB5A4F;
					};
				};
			};
			buildConfigurationList = E594D399269CA61100DB5A4F /* Build configuration list for PBXProject "Pathways" */;
			compatibilityVersion = "Xcode 9.3";
			developmentRegion = en;
			hasScannedForEncodings = 0;
			knownRegions = (
				en,
				Base,
			);
			mainGroup = E594D395269CA61100DB5A4F;
			productRefGroup = E594D39F269CA61100DB5A4F /* Products */;
			projectDirPath = "";
			projectRoot = "";
			targets = (
				E594D39D269CA61100DB5A4F /* Pathways */,
				E594D3B8269CA61300DB5A4F /* PathwaysTests */,
				E594D3C3269CA61300DB5A4F /* PathwaysUITests */,
			);
		};
/* End PBXProject section */

/* Begin PBXResourcesBuildPhase section */
		E594D39C269CA61100DB5A4F /* Resources */ = {
			isa = PBXResourcesBuildPhase;
			buildActionMask = 2147483647;
			files = (
				E5DA69E726A11BE6000C29A0 /* PathCell.xib in Resources */,
				E51AF4A9269E691200556BCC /* Keys.plist in Resources */,
				E594D3B1269CA61200DB5A4F /* LaunchScreen.storyboard in Resources */,
				E594D3AE269CA61200DB5A4F /* Assets.xcassets in Resources */,
				E594D3AC269CA61100DB5A4F /* Main.storyboard in Resources */,
			);
			runOnlyForDeploymentPostprocessing = 0;
		};
		E594D3B7269CA61300DB5A4F /* Resources */ = {
			isa = PBXResourcesBuildPhase;
			buildActionMask = 2147483647;
			files = (
			);
			runOnlyForDeploymentPostprocessing = 0;
		};
		E594D3C2269CA61300DB5A4F /* Resources */ = {
			isa = PBXResourcesBuildPhase;
			buildActionMask = 2147483647;
			files = (
			);
			runOnlyForDeploymentPostprocessing = 0;
		};
/* End PBXResourcesBuildPhase section */

/* Begin PBXShellScriptBuildPhase section */
		1089EE76539F6AAF8FD596F8 /* [CP] Embed Pods Frameworks */ = {
			isa = PBXShellScriptBuildPhase;
			buildActionMask = 2147483647;
			files = (
			);
			inputFileListPaths = (
				"${PODS_ROOT}/Target Support Files/Pods-Pathways-PathwaysUITests/Pods-Pathways-PathwaysUITests-frameworks-${CONFIGURATION}-input-files.xcfilelist",
			);
			name = "[CP] Embed Pods Frameworks";
			outputFileListPaths = (
				"${PODS_ROOT}/Target Support Files/Pods-Pathways-PathwaysUITests/Pods-Pathways-PathwaysUITests-frameworks-${CONFIGURATION}-output-files.xcfilelist",
			);
			runOnlyForDeploymentPostprocessing = 0;
			shellPath = /bin/sh;
			shellScript = "\"${PODS_ROOT}/Target Support Files/Pods-Pathways-PathwaysUITests/Pods-Pathways-PathwaysUITests-frameworks.sh\"\n";
			showEnvVarsInLog = 0;
		};
		281CEC9B43A708AEB7E864F3 /* [CP] Check Pods Manifest.lock */ = {
			isa = PBXShellScriptBuildPhase;
			buildActionMask = 2147483647;
			files = (
			);
			inputFileListPaths = (
			);
			inputPaths = (
				"${PODS_PODFILE_DIR_PATH}/Podfile.lock",
				"${PODS_ROOT}/Manifest.lock",
			);
			name = "[CP] Check Pods Manifest.lock";
			outputFileListPaths = (
			);
			outputPaths = (
				"$(DERIVED_FILE_DIR)/Pods-Pathways-checkManifestLockResult.txt",
			);
			runOnlyForDeploymentPostprocessing = 0;
			shellPath = /bin/sh;
			shellScript = "diff \"${PODS_PODFILE_DIR_PATH}/Podfile.lock\" \"${PODS_ROOT}/Manifest.lock\" > /dev/null\nif [ $? != 0 ] ; then\n    # print error to STDERR\n    echo \"error: The sandbox is not in sync with the Podfile.lock. Run 'pod install' or update your CocoaPods installation.\" >&2\n    exit 1\nfi\n# This output is used by Xcode 'outputs' to avoid re-running this script phase.\necho \"SUCCESS\" > \"${SCRIPT_OUTPUT_FILE_0}\"\n";
			showEnvVarsInLog = 0;
		};
		28F05046F91D52B8F0DC82B9 /* [CP] Check Pods Manifest.lock */ = {
			isa = PBXShellScriptBuildPhase;
			buildActionMask = 2147483647;
			files = (
			);
			inputFileListPaths = (
			);
			inputPaths = (
				"${PODS_PODFILE_DIR_PATH}/Podfile.lock",
				"${PODS_ROOT}/Manifest.lock",
			);
			name = "[CP] Check Pods Manifest.lock";
			outputFileListPaths = (
			);
			outputPaths = (
				"$(DERIVED_FILE_DIR)/Pods-PathwaysTests-checkManifestLockResult.txt",
			);
			runOnlyForDeploymentPostprocessing = 0;
			shellPath = /bin/sh;
			shellScript = "diff \"${PODS_PODFILE_DIR_PATH}/Podfile.lock\" \"${PODS_ROOT}/Manifest.lock\" > /dev/null\nif [ $? != 0 ] ; then\n    # print error to STDERR\n    echo \"error: The sandbox is not in sync with the Podfile.lock. Run 'pod install' or update your CocoaPods installation.\" >&2\n    exit 1\nfi\n# This output is used by Xcode 'outputs' to avoid re-running this script phase.\necho \"SUCCESS\" > \"${SCRIPT_OUTPUT_FILE_0}\"\n";
			showEnvVarsInLog = 0;
		};
		442CE1535DA4CF2B67A21083 /* [CP] Copy Pods Resources */ = {
			isa = PBXShellScriptBuildPhase;
			buildActionMask = 2147483647;
			files = (
			);
			inputFileListPaths = (
				"${PODS_ROOT}/Target Support Files/Pods-Pathways/Pods-Pathways-resources-${CONFIGURATION}-input-files.xcfilelist",
			);
			name = "[CP] Copy Pods Resources";
			outputFileListPaths = (
				"${PODS_ROOT}/Target Support Files/Pods-Pathways/Pods-Pathways-resources-${CONFIGURATION}-output-files.xcfilelist",
			);
			runOnlyForDeploymentPostprocessing = 0;
			shellPath = /bin/sh;
			shellScript = "\"${PODS_ROOT}/Target Support Files/Pods-Pathways/Pods-Pathways-resources.sh\"\n";
			showEnvVarsInLog = 0;
		};
		CC5CAC3D993B032F4326A517 /* [CP] Check Pods Manifest.lock */ = {
			isa = PBXShellScriptBuildPhase;
			buildActionMask = 2147483647;
			files = (
			);
			inputFileListPaths = (
			);
			inputPaths = (
				"${PODS_PODFILE_DIR_PATH}/Podfile.lock",
				"${PODS_ROOT}/Manifest.lock",
			);
			name = "[CP] Check Pods Manifest.lock";
			outputFileListPaths = (
			);
			outputPaths = (
				"$(DERIVED_FILE_DIR)/Pods-Pathways-PathwaysUITests-checkManifestLockResult.txt",
			);
			runOnlyForDeploymentPostprocessing = 0;
			shellPath = /bin/sh;
			shellScript = "diff \"${PODS_PODFILE_DIR_PATH}/Podfile.lock\" \"${PODS_ROOT}/Manifest.lock\" > /dev/null\nif [ $? != 0 ] ; then\n    # print error to STDERR\n    echo \"error: The sandbox is not in sync with the Podfile.lock. Run 'pod install' or update your CocoaPods installation.\" >&2\n    exit 1\nfi\n# This output is used by Xcode 'outputs' to avoid re-running this script phase.\necho \"SUCCESS\" > \"${SCRIPT_OUTPUT_FILE_0}\"\n";
			showEnvVarsInLog = 0;
		};
		DAC60FA3004F42BDFBCE001E /* [CP] Copy Pods Resources */ = {
			isa = PBXShellScriptBuildPhase;
			buildActionMask = 2147483647;
			files = (
			);
			inputFileListPaths = (
				"${PODS_ROOT}/Target Support Files/Pods-Pathways-PathwaysUITests/Pods-Pathways-PathwaysUITests-resources-${CONFIGURATION}-input-files.xcfilelist",
			);
			name = "[CP] Copy Pods Resources";
			outputFileListPaths = (
				"${PODS_ROOT}/Target Support Files/Pods-Pathways-PathwaysUITests/Pods-Pathways-PathwaysUITests-resources-${CONFIGURATION}-output-files.xcfilelist",
			);
			runOnlyForDeploymentPostprocessing = 0;
			shellPath = /bin/sh;
			shellScript = "\"${PODS_ROOT}/Target Support Files/Pods-Pathways-PathwaysUITests/Pods-Pathways-PathwaysUITests-resources.sh\"\n";
			showEnvVarsInLog = 0;
		};
		DC6072C503C638D0E6939570 /* [CP] Embed Pods Frameworks */ = {
			isa = PBXShellScriptBuildPhase;
			buildActionMask = 2147483647;
			files = (
			);
			inputFileListPaths = (
				"${PODS_ROOT}/Target Support Files/Pods-Pathways/Pods-Pathways-frameworks-${CONFIGURATION}-input-files.xcfilelist",
			);
			name = "[CP] Embed Pods Frameworks";
			outputFileListPaths = (
				"${PODS_ROOT}/Target Support Files/Pods-Pathways/Pods-Pathways-frameworks-${CONFIGURATION}-output-files.xcfilelist",
			);
			runOnlyForDeploymentPostprocessing = 0;
			shellPath = /bin/sh;
			shellScript = "\"${PODS_ROOT}/Target Support Files/Pods-Pathways/Pods-Pathways-frameworks.sh\"\n";
			showEnvVarsInLog = 0;
		};
/* End PBXShellScriptBuildPhase section */

/* Begin PBXSourcesBuildPhase section */
		E594D39A269CA61100DB5A4F /* Sources */ = {
			isa = PBXSourcesBuildPhase;
			buildActionMask = 2147483647;
			files = (
				E5BAE940269CDB3A0052A515 /* LoginViewController.m in Sources */,
				E594D3A3269CA61100DB5A4F /* AppDelegate.m in Sources */,
				E5BAE943269CDBB80052A515 /* CreateAccountViewController.m in Sources */,
				E5DA69E626A11BE6000C29A0 /* PathCell.m in Sources */,
				E51AF4AC269E6CB200556BCC /* Pathway.m in Sources */,
				E594D3B4269CA61200DB5A4F /* main.m in Sources */,
				E51AF4AF269E753200556BCC /* Landmark.m in Sources */,
				E5BAE946269D1B9A0052A515 /* ParseUserManager.m in Sources */,
				E51AF4B2269E7FB000556BCC /* NewPathViewController.m in Sources */,
				E5DA69DC269FD18C000C29A0 /* EndPathViewController.m in Sources */,
				E544CDFB269FAC2F00A6E6AB /* AddLandmarkViewController.m in Sources */,
				E51AF455269DFF7200556BCC /* HomeViewController.m in Sources */,
				E5DA69E226A11951000C29A0 /* AccountDetailsViewController.m in Sources */,
				E51AF459269E4D5700556BCC /* Path.m in Sources */,
				E594D3A6269CA61100DB5A4F /* SceneDelegate.m in Sources */,
			);
			runOnlyForDeploymentPostprocessing = 0;
		};
		E594D3B5269CA61300DB5A4F /* Sources */ = {
			isa = PBXSourcesBuildPhase;
			buildActionMask = 2147483647;
			files = (
				E594D3BE269CA61300DB5A4F /* PathwaysTests.m in Sources */,
			);
			runOnlyForDeploymentPostprocessing = 0;
		};
		E594D3C0269CA61300DB5A4F /* Sources */ = {
			isa = PBXSourcesBuildPhase;
			buildActionMask = 2147483647;
			files = (
				E594D3C9269CA61300DB5A4F /* PathwaysUITests.m in Sources */,
			);
			runOnlyForDeploymentPostprocessing = 0;
		};
/* End PBXSourcesBuildPhase section */

/* Begin PBXTargetDependency section */
		E594D3BB269CA61300DB5A4F /* PBXTargetDependency */ = {
			isa = PBXTargetDependency;
			target = E594D39D269CA61100DB5A4F /* Pathways */;
			targetProxy = E594D3BA269CA61300DB5A4F /* PBXContainerItemProxy */;
		};
		E594D3C6269CA61300DB5A4F /* PBXTargetDependency */ = {
			isa = PBXTargetDependency;
			target = E594D39D269CA61100DB5A4F /* Pathways */;
			targetProxy = E594D3C5269CA61300DB5A4F /* PBXContainerItemProxy */;
		};
/* End PBXTargetDependency section */

/* Begin PBXVariantGroup section */
		E594D3AA269CA61100DB5A4F /* Main.storyboard */ = {
			isa = PBXVariantGroup;
			children = (
				E594D3AB269CA61100DB5A4F /* Base */,
			);
			name = Main.storyboard;
			sourceTree = "<group>";
		};
		E594D3AF269CA61200DB5A4F /* LaunchScreen.storyboard */ = {
			isa = PBXVariantGroup;
			children = (
				E594D3B0269CA61200DB5A4F /* Base */,
			);
			name = LaunchScreen.storyboard;
			sourceTree = "<group>";
		};
/* End PBXVariantGroup section */

/* Begin XCBuildConfiguration section */
		E594D3CB269CA61300DB5A4F /* Debug */ = {
			isa = XCBuildConfiguration;
			buildSettings = {
				ALWAYS_SEARCH_USER_PATHS = NO;
				CLANG_ANALYZER_NONNULL = YES;
				CLANG_ANALYZER_NUMBER_OBJECT_CONVERSION = YES_AGGRESSIVE;
				CLANG_CXX_LANGUAGE_STANDARD = "gnu++14";
				CLANG_CXX_LIBRARY = "libc++";
				CLANG_ENABLE_MODULES = YES;
				CLANG_ENABLE_OBJC_ARC = YES;
				CLANG_ENABLE_OBJC_WEAK = YES;
				CLANG_WARN_BLOCK_CAPTURE_AUTORELEASING = YES;
				CLANG_WARN_BOOL_CONVERSION = YES;
				CLANG_WARN_COMMA = YES;
				CLANG_WARN_CONSTANT_CONVERSION = YES;
				CLANG_WARN_DEPRECATED_OBJC_IMPLEMENTATIONS = YES;
				CLANG_WARN_DIRECT_OBJC_ISA_USAGE = YES_ERROR;
				CLANG_WARN_DOCUMENTATION_COMMENTS = YES;
				CLANG_WARN_EMPTY_BODY = YES;
				CLANG_WARN_ENUM_CONVERSION = YES;
				CLANG_WARN_INFINITE_RECURSION = YES;
				CLANG_WARN_INT_CONVERSION = YES;
				CLANG_WARN_NON_LITERAL_NULL_CONVERSION = YES;
				CLANG_WARN_OBJC_IMPLICIT_RETAIN_SELF = YES;
				CLANG_WARN_OBJC_LITERAL_CONVERSION = YES;
				CLANG_WARN_OBJC_ROOT_CLASS = YES_ERROR;
				CLANG_WARN_QUOTED_INCLUDE_IN_FRAMEWORK_HEADER = YES;
				CLANG_WARN_RANGE_LOOP_ANALYSIS = YES;
				CLANG_WARN_STRICT_PROTOTYPES = YES;
				CLANG_WARN_SUSPICIOUS_MOVE = YES;
				CLANG_WARN_UNGUARDED_AVAILABILITY = YES_AGGRESSIVE;
				CLANG_WARN_UNREACHABLE_CODE = YES;
				CLANG_WARN__DUPLICATE_METHOD_MATCH = YES;
				COPY_PHASE_STRIP = NO;
				DEBUG_INFORMATION_FORMAT = dwarf;
				ENABLE_STRICT_OBJC_MSGSEND = YES;
				ENABLE_TESTABILITY = YES;
				GCC_C_LANGUAGE_STANDARD = gnu11;
				GCC_DYNAMIC_NO_PIC = NO;
				GCC_NO_COMMON_BLOCKS = YES;
				GCC_OPTIMIZATION_LEVEL = 0;
				GCC_PREPROCESSOR_DEFINITIONS = (
					"DEBUG=1",
					"$(inherited)",
				);
				GCC_WARN_64_TO_32_BIT_CONVERSION = YES;
				GCC_WARN_ABOUT_RETURN_TYPE = YES_ERROR;
				GCC_WARN_UNDECLARED_SELECTOR = YES;
				GCC_WARN_UNINITIALIZED_AUTOS = YES_AGGRESSIVE;
				GCC_WARN_UNUSED_FUNCTION = YES;
				GCC_WARN_UNUSED_VARIABLE = YES;
				IPHONEOS_DEPLOYMENT_TARGET = 14.5;
				MTL_ENABLE_DEBUG_INFO = INCLUDE_SOURCE;
				MTL_FAST_MATH = YES;
				ONLY_ACTIVE_ARCH = YES;
				SDKROOT = iphoneos;
			};
			name = Debug;
		};
		E594D3CC269CA61300DB5A4F /* Release */ = {
			isa = XCBuildConfiguration;
			baseConfigurationReference = 400A8BBD3027301B3BF87657 /* Pods-Pathways.release.xcconfig */;
			buildSettings = {
				ALWAYS_SEARCH_USER_PATHS = NO;
				CLANG_ANALYZER_NONNULL = YES;
				CLANG_ANALYZER_NUMBER_OBJECT_CONVERSION = YES_AGGRESSIVE;
				CLANG_CXX_LANGUAGE_STANDARD = "gnu++14";
				CLANG_CXX_LIBRARY = "libc++";
				CLANG_ENABLE_MODULES = YES;
				CLANG_ENABLE_OBJC_ARC = YES;
				CLANG_ENABLE_OBJC_WEAK = YES;
				CLANG_WARN_BLOCK_CAPTURE_AUTORELEASING = YES;
				CLANG_WARN_BOOL_CONVERSION = YES;
				CLANG_WARN_COMMA = YES;
				CLANG_WARN_CONSTANT_CONVERSION = YES;
				CLANG_WARN_DEPRECATED_OBJC_IMPLEMENTATIONS = YES;
				CLANG_WARN_DIRECT_OBJC_ISA_USAGE = YES_ERROR;
				CLANG_WARN_DOCUMENTATION_COMMENTS = YES;
				CLANG_WARN_EMPTY_BODY = YES;
				CLANG_WARN_ENUM_CONVERSION = YES;
				CLANG_WARN_INFINITE_RECURSION = YES;
				CLANG_WARN_INT_CONVERSION = YES;
				CLANG_WARN_NON_LITERAL_NULL_CONVERSION = YES;
				CLANG_WARN_OBJC_IMPLICIT_RETAIN_SELF = YES;
				CLANG_WARN_OBJC_LITERAL_CONVERSION = YES;
				CLANG_WARN_OBJC_ROOT_CLASS = YES_ERROR;
				CLANG_WARN_QUOTED_INCLUDE_IN_FRAMEWORK_HEADER = YES;
				CLANG_WARN_RANGE_LOOP_ANALYSIS = YES;
				CLANG_WARN_STRICT_PROTOTYPES = YES;
				CLANG_WARN_SUSPICIOUS_MOVE = YES;
				CLANG_WARN_UNGUARDED_AVAILABILITY = YES_AGGRESSIVE;
				CLANG_WARN_UNREACHABLE_CODE = YES;
				CLANG_WARN__DUPLICATE_METHOD_MATCH = YES;
				COPY_PHASE_STRIP = NO;
				DEBUG_INFORMATION_FORMAT = "dwarf-with-dsym";
				ENABLE_NS_ASSERTIONS = NO;
				ENABLE_STRICT_OBJC_MSGSEND = YES;
				GCC_C_LANGUAGE_STANDARD = gnu11;
				GCC_NO_COMMON_BLOCKS = YES;
				GCC_WARN_64_TO_32_BIT_CONVERSION = YES;
				GCC_WARN_ABOUT_RETURN_TYPE = YES_ERROR;
				GCC_WARN_UNDECLARED_SELECTOR = YES;
				GCC_WARN_UNINITIALIZED_AUTOS = YES_AGGRESSIVE;
				GCC_WARN_UNUSED_FUNCTION = YES;
				GCC_WARN_UNUSED_VARIABLE = YES;
				IPHONEOS_DEPLOYMENT_TARGET = 14.5;
				MTL_ENABLE_DEBUG_INFO = NO;
				MTL_FAST_MATH = YES;
				SDKROOT = iphoneos;
				VALIDATE_PRODUCT = YES;
			};
			name = Release;
		};
		E594D3CE269CA61300DB5A4F /* Debug */ = {
			isa = XCBuildConfiguration;
			baseConfigurationReference = A1C25CCC6A67DCAC0A6AF067 /* Pods-Pathways.debug.xcconfig */;
			buildSettings = {
				ASSETCATALOG_COMPILER_APPICON_NAME = AppIcon;
				ASSETCATALOG_COMPILER_GLOBAL_ACCENT_COLOR_NAME = AccentColor;
				CODE_SIGN_STYLE = Automatic;
				DEVELOPMENT_TEAM = WKJR88SLMG;
				INFOPLIST_FILE = Pathways/Info.plist;
				LD_RUNPATH_SEARCH_PATHS = (
					"$(inherited)",
					"@executable_path/Frameworks",
				);
				PRODUCT_BUNDLE_IDENTIFIER = JohnJakobsen.Pathways;
				PRODUCT_NAME = "$(TARGET_NAME)";
				TARGETED_DEVICE_FAMILY = "1,2";
			};
			name = Debug;
		};
		E594D3CF269CA61300DB5A4F /* Release */ = {
			isa = XCBuildConfiguration;
			baseConfigurationReference = 400A8BBD3027301B3BF87657 /* Pods-Pathways.release.xcconfig */;
			buildSettings = {
				ASSETCATALOG_COMPILER_APPICON_NAME = AppIcon;
				ASSETCATALOG_COMPILER_GLOBAL_ACCENT_COLOR_NAME = AccentColor;
				CODE_SIGN_STYLE = Automatic;
				DEVELOPMENT_TEAM = WKJR88SLMG;
				INFOPLIST_FILE = Pathways/Info.plist;
				LD_RUNPATH_SEARCH_PATHS = (
					"$(inherited)",
					"@executable_path/Frameworks",
				);
				PRODUCT_BUNDLE_IDENTIFIER = JohnJakobsen.Pathways;
				PRODUCT_NAME = "$(TARGET_NAME)";
				TARGETED_DEVICE_FAMILY = "1,2";
			};
			name = Release;
		};
		E594D3D1269CA61300DB5A4F /* Debug */ = {
			isa = XCBuildConfiguration;
			baseConfigurationReference = 2E96D76A1E112FBF1A90AEEE /* Pods-PathwaysTests.debug.xcconfig */;
			buildSettings = {
				BUNDLE_LOADER = "$(TEST_HOST)";
				CODE_SIGN_STYLE = Automatic;
				INFOPLIST_FILE = PathwaysTests/Info.plist;
				IPHONEOS_DEPLOYMENT_TARGET = 14.5;
				LD_RUNPATH_SEARCH_PATHS = (
					"$(inherited)",
					"@executable_path/Frameworks",
					"@loader_path/Frameworks",
				);
				PRODUCT_BUNDLE_IDENTIFIER = JohnJakobsen.PathwaysTests;
				PRODUCT_NAME = "$(TARGET_NAME)";
				TARGETED_DEVICE_FAMILY = "1,2";
				TEST_HOST = "$(BUILT_PRODUCTS_DIR)/Pathways.app/Pathways";
			};
			name = Debug;
		};
		E594D3D2269CA61300DB5A4F /* Release */ = {
			isa = XCBuildConfiguration;
			baseConfigurationReference = 093033759EC96EAFC433BB59 /* Pods-PathwaysTests.release.xcconfig */;
			buildSettings = {
				BUNDLE_LOADER = "$(TEST_HOST)";
				CODE_SIGN_STYLE = Automatic;
				INFOPLIST_FILE = PathwaysTests/Info.plist;
				IPHONEOS_DEPLOYMENT_TARGET = 14.5;
				LD_RUNPATH_SEARCH_PATHS = (
					"$(inherited)",
					"@executable_path/Frameworks",
					"@loader_path/Frameworks",
				);
				PRODUCT_BUNDLE_IDENTIFIER = JohnJakobsen.PathwaysTests;
				PRODUCT_NAME = "$(TARGET_NAME)";
				TARGETED_DEVICE_FAMILY = "1,2";
				TEST_HOST = "$(BUILT_PRODUCTS_DIR)/Pathways.app/Pathways";
			};
			name = Release;
		};
		E594D3D4269CA61300DB5A4F /* Debug */ = {
			isa = XCBuildConfiguration;
			baseConfigurationReference = 8679D15A89F34EB1F76F66AD /* Pods-Pathways-PathwaysUITests.debug.xcconfig */;
			buildSettings = {
				CODE_SIGN_STYLE = Automatic;
				INFOPLIST_FILE = PathwaysUITests/Info.plist;
				LD_RUNPATH_SEARCH_PATHS = (
					"$(inherited)",
					"@executable_path/Frameworks",
					"@loader_path/Frameworks",
				);
				PRODUCT_BUNDLE_IDENTIFIER = JohnJakobsen.PathwaysUITests;
				PRODUCT_NAME = "$(TARGET_NAME)";
				TARGETED_DEVICE_FAMILY = "1,2";
				TEST_TARGET_NAME = Pathways;
			};
			name = Debug;
		};
		E594D3D5269CA61300DB5A4F /* Release */ = {
			isa = XCBuildConfiguration;
			baseConfigurationReference = D24C76C18B3076CB6228ACD0 /* Pods-Pathways-PathwaysUITests.release.xcconfig */;
			buildSettings = {
				CODE_SIGN_STYLE = Automatic;
				INFOPLIST_FILE = PathwaysUITests/Info.plist;
				LD_RUNPATH_SEARCH_PATHS = (
					"$(inherited)",
					"@executable_path/Frameworks",
					"@loader_path/Frameworks",
				);
				PRODUCT_BUNDLE_IDENTIFIER = JohnJakobsen.PathwaysUITests;
				PRODUCT_NAME = "$(TARGET_NAME)";
				TARGETED_DEVICE_FAMILY = "1,2";
				TEST_TARGET_NAME = Pathways;
			};
			name = Release;
		};
/* End XCBuildConfiguration section */

/* Begin XCConfigurationList section */
		E594D399269CA61100DB5A4F /* Build configuration list for PBXProject "Pathways" */ = {
			isa = XCConfigurationList;
			buildConfigurations = (
				E594D3CB269CA61300DB5A4F /* Debug */,
				E594D3CC269CA61300DB5A4F /* Release */,
			);
			defaultConfigurationIsVisible = 0;
			defaultConfigurationName = Release;
		};
		E594D3CD269CA61300DB5A4F /* Build configuration list for PBXNativeTarget "Pathways" */ = {
			isa = XCConfigurationList;
			buildConfigurations = (
				E594D3CE269CA61300DB5A4F /* Debug */,
				E594D3CF269CA61300DB5A4F /* Release */,
			);
			defaultConfigurationIsVisible = 0;
			defaultConfigurationName = Release;
		};
		E594D3D0269CA61300DB5A4F /* Build configuration list for PBXNativeTarget "PathwaysTests" */ = {
			isa = XCConfigurationList;
			buildConfigurations = (
				E594D3D1269CA61300DB5A4F /* Debug */,
				E594D3D2269CA61300DB5A4F /* Release */,
			);
			defaultConfigurationIsVisible = 0;
			defaultConfigurationName = Release;
		};
		E594D3D3269CA61300DB5A4F /* Build configuration list for PBXNativeTarget "PathwaysUITests" */ = {
			isa = XCConfigurationList;
			buildConfigurations = (
				E594D3D4269CA61300DB5A4F /* Debug */,
				E594D3D5269CA61300DB5A4F /* Release */,
			);
			defaultConfigurationIsVisible = 0;
			defaultConfigurationName = Release;
		};
/* End XCConfigurationList section */
	};
	rootObject = E594D396269CA61100DB5A4F /* Project object */;
}
